
Microsoft Visual Studio Solution File, Format Version 12.00
# Visual Studio Version 16
VisualStudioVersion = 16.0.35325.158
MinimumVisualStudioVersion = 10.0.40219.1
Project("{FAE04EC0-301F-11D3-BF4B-00C04F79EFBC}") = "UI", "UI\UI.csproj", "{3873405D-591E-4639-9A30-0E18D0D4EB94}"
EndProject
Global
	GlobalSection(SolutionConfigurationPlatforms) = preSolution
		Debug|Any CPU = Debug|Any CPU
		Release|Any CPU = Release|Any CPU
	EndGlobalSection
	GlobalSection(ProjectConfigurationPlatforms) = postSolution
		{3873405D-591E-4639-9A30-0E18D0D4EB94}.Debug|Any CPU.ActiveCfg = Debug|Any CPU
		{3873405D-591E-4639-9A30-0E18D0D4EB94}.Debug|Any CPU.Build.0 = Debug|Any CPU
		{3873405D-591E-4639-9A30-0E18D0D4EB94}.Release|Any CPU.ActiveCfg = Release|Any CPU
		{3873405D-591E-4639-9A30-0E18D0D4EB94}.Release|Any CPU.Build.0 = Release|Any CPU
	EndGlobalSection
	GlobalSection(SolutionProperties) = preSolution
		HideSolutionNode = FALSE
	EndGlobalSection
	GlobalSection(ExtensibilityGlobals) = postSolution
		SolutionGuid = {15AD6AB5-20BB-48EB-9B5F-CD00A69496F6}
	EndGlobalSection
EndGlobal
